{
    "_readme": [
        "This file locks the dependencies of your project to a known state",
        "Read more about it at https://getcomposer.org/doc/01-basic-usage.md#installing-dependencies",
        "This file is @generated automatically"
    ],
    "content-hash": "61a8a9672e3586e88b6290c57afab1bd",
    "packages": [
        {
            "name": "ocramius/package-versions",
            "version": "1.7.0",
            "source": {
                "type": "git",
                "url": "https://github.com/Ocramius/PackageVersions.git",
                "reference": "651c372efc914aea8223e049f85afaf65e09ba23"
            },
            "dist": {
                "type": "zip",
                "url": "https://api.github.com/repos/Ocramius/PackageVersions/zipball/651c372efc914aea8223e049f85afaf65e09ba23",
                "reference": "651c372efc914aea8223e049f85afaf65e09ba23",
                "shasum": ""
            },
            "require": {
                "composer-plugin-api": "^1.1.0",
                "php": "^7.4.0"
            },
            "require-dev": {
                "composer/composer": "^1.9.3",
                "doctrine/coding-standard": "^7.0.2",
                "ext-zip": "^1.15.0",
                "infection/infection": "^0.15.3",
                "phpunit/phpunit": "^9.0.1",
                "vimeo/psalm": "^3.9.3"
            },
            "type": "composer-plugin",
            "extra": {
                "class": "PackageVersions\\Installer",
                "branch-alias": {
                    "dev-master": "1.99.x-dev"
                }
            },
            "autoload": {
                "psr-4": {
                    "PackageVersions\\": "src/PackageVersions"
                }
            },
            "notification-url": "https://packagist.org/downloads/",
            "license": [
                "MIT"
            ],
            "authors": [
                {
                    "name": "Marco Pivetta",
                    "email": "ocramius@gmail.com"
                }
            ],
            "description": "Composer plugin that provides efficient querying for installed package versions (no runtime IO)",
            "support": {
                "issues": "https://github.com/Ocramius/PackageVersions/issues",
                "source": "https://github.com/Ocramius/PackageVersions/tree/master"
            },
            "funding": [
                {
                    "url": "https://github.com/Ocramius",
                    "type": "github"
                },
                {
                    "url": "https://tidelift.com/funding/github/packagist/ocramius/package-versions",
                    "type": "tidelift"
                }
            ],
            "time": "2020-03-06T11:34:16+00:00"
        }
    ],
    "packages-dev": [],
    "aliases": [],
    "minimum-stability": "stable",
    "stability-flags": [],
    "prefer-stable": false,
    "prefer-lowest": false,
    "platform": [],
    "platform-dev": [],
    "plugin-api-version": "2.0.0"
}
